PODS:
  - FBSnapshotTestCase (2.1.2):
    - FBSnapshotTestCase/SwiftSupport (= 2.1.2)
  - FBSnapshotTestCase/Core (2.1.2)
  - FBSnapshotTestCase/SwiftSupport (2.1.2):
    - FBSnapshotTestCase/Core
  - Nimble (3.2.0)
  - Nimble-Snapshots (4.1.0):
    - FBSnapshotTestCase (~> 2.0)
    - Nimble
    - Quick
  - Quick (0.9.2)
  - TNInfoBubble (0.1.0)

DEPENDENCIES:
  - FBSnapshotTestCase
  - Nimble (~> 3.0)
  - Nimble-Snapshots
  - Quick (~> 0.8)
  - TNInfoBubble (from `../`)

EXTERNAL SOURCES:
  TNInfoBubble:
    :path: ../

SPEC CHECKSUMS:
  FBSnapshotTestCase: 918c55861356ee83aee7843d759f55a18ff6982b
  Nimble: 703854335d181df169bbca9c97117b5cf8c47c1d
  Nimble-Snapshots: 2da4d2ec829b458d6886c06812c52493fce284c9
  Quick: 18d057bc66451eedd5d1c8dc99ba2a5db6e60226
  TNInfoBubble: e116c651c5459f3ea71cb6c1c2e6812e6ca6b41f

PODFILE CHECKSUM: c15a705a1f59c093efb1f7999569ceda1ac4af2b

COCOAPODS: 1.0.1
